// !$*UTF8*$!
{
	archiveVersion = 1;
	classes = {
	};
	objectVersion = 56;
	objects = {

/* Begin PBXBuildFile section */
		AC7D53852A13A5A60074DB11 /* VictorTestApp.swift in Sources */ = {isa = PBXBuildFile; fileRef = AC7D53842A13A5A60074DB11 /* VictorTestApp.swift */; };
		AC7D53872A13A5A60074DB11 /* FirstView.swift in Sources */ = {isa = PBXBuildFile; fileRef = AC7D53862A13A5A60074DB11 /* FirstView.swift */; };
		AC7D53892A13A5A70074DB11 /* Assets.xcassets in Resources */ = {isa = PBXBuildFile; fileRef = AC7D53882A13A5A70074DB11 /* Assets.xcassets */; };
		AC7D538C2A13A5A70074DB11 /* Preview Assets.xcassets in Resources */ = {isa = PBXBuildFile; fileRef = AC7D538B2A13A5A70074DB11 /* Preview Assets.xcassets */; };
		AC7D53952A13A88A0074DB11 /* ViewModel.swift in Sources */ = {isa = PBXBuildFile; fileRef = AC7D53942A13A88A0074DB11 /* ViewModel.swift */; };
		AC7D53972A13AAC70074DB11 /* SecondView.swift in Sources */ = {isa = PBXBuildFile; fileRef = AC7D53962A13AAC70074DB11 /* SecondView.swift */; };
		AC7D539D2A13AF440074DB11 /* User.swift in Sources */ = {isa = PBXBuildFile; fileRef = AC7D539C2A13AF430074DB11 /* User.swift */; };
		AC7D539F2A13B1A00074DB11 /* astronauts.json in Resources */ = {isa = PBXBuildFile; fileRef = AC7D539E2A13B1A00074DB11 /* astronauts.json */; };
		AC7D53A12A13B1A90074DB11 /* test.json in Resources */ = {isa = PBXBuildFile; fileRef = AC7D53A02A13B1A90074DB11 /* test.json */; };
		AC7D53A32A13B3250074DB11 /* Bundle-Decodable.swift in Sources */ = {isa = PBXBuildFile; fileRef = AC7D53A22A13B3250074DB11 /* Bundle-Decodable.swift */; };
		AC7D53A52A13C73E0074DB11 /* MainView.swift in Sources */ = {isa = PBXBuildFile; fileRef = AC7D53A42A13C73E0074DB11 /* MainView.swift */; };
/* End PBXBuildFile section */

/* Begin PBXFileReference section */
		AC7D53812A13A5A60074DB11 /* VictorTest.app */ = {isa = PBXFileReference; explicitFileType = wrapper.application; includeInIndex = 0; path = VictorTest.app; sourceTree = BUILT_PRODUCTS_DIR; };
		AC7D53842A13A5A60074DB11 /* VictorTestApp.swift */ = {isa = PBXFileReference; lastKnownFileType = sourcecode.swift; path = VictorTestApp.swift; sourceTree = "<group>"; };
		AC7D53862A13A5A60074DB11 /* FirstView.swift */ = {isa = PBXFileReference; lastKnownFileType = sourcecode.swift; path = FirstView.swift; sourceTree = "<group>"; };
		AC7D53882A13A5A70074DB11 /* Assets.xcassets */ = {isa = PBXFileReference; lastKnownFileType = folder.assetcatalog; path = Assets.xcassets; sourceTree = "<group>"; };
		AC7D538B2A13A5A70074DB11 /* Preview Assets.xcassets */ = {isa = PBXFileReference; lastKnownFileType = folder.assetcatalog; path = "Preview Assets.xcassets"; sourceTree = "<group>"; };
		AC7D53942A13A88A0074DB11 /* ViewModel.swift */ = {isa = PBXFileReference; lastKnownFileType = sourcecode.swift; path = ViewModel.swift; sourceTree = "<group>"; };
		AC7D53962A13AAC70074DB11 /* SecondView.swift */ = {isa = PBXFileReference; lastKnownFileType = sourcecode.swift; path = SecondView.swift; sourceTree = "<group>"; };
		AC7D539C2A13AF430074DB11 /* User.swift */ = {isa = PBXFileReference; lastKnownFileType = sourcecode.swift; path = User.swift; sourceTree = "<group>"; };
		AC7D539E2A13B1A00074DB11 /* astronauts.json */ = {isa = PBXFileReference; fileEncoding = 4; lastKnownFileType = text.json; path = astronauts.json; sourceTree = "<group>"; };
		AC7D53A02A13B1A90074DB11 /* test.json */ = {isa = PBXFileReference; fileEncoding = 4; lastKnownFileType = text.json; path = test.json; sourceTree = "<group>"; };
		AC7D53A22A13B3250074DB11 /* Bundle-Decodable.swift */ = {isa = PBXFileReference; fileEncoding = 4; lastKnownFileType = sourcecode.swift; path = "Bundle-Decodable.swift"; sourceTree = "<group>"; };
		AC7D53A42A13C73E0074DB11 /* MainView.swift */ = {isa = PBXFileReference; lastKnownFileType = sourcecode.swift; path = MainView.swift; sourceTree = "<group>"; };
/* End PBXFileReference section */

/* Begin PBXFrameworksBuildPhase section */
		AC7D537E2A13A5A60074DB11 /* Frameworks */ = {
			isa = PBXFrameworksBuildPhase;
			buildActionMask = 2147483647;
			files = (
			);
			runOnlyForDeploymentPostprocessing = 0;
		};
/* End PBXFrameworksBuildPhase section */

/* Begin PBXGroup section */
		AC7D53782A13A5A60074DB11 = {
			isa = PBXGroup;
			children = (
				AC7D53832A13A5A60074DB11 /* VictorTest */,
				AC7D53822A13A5A60074DB11 /* Products */,
			);
			sourceTree = "<group>";
		};
		AC7D53822A13A5A60074DB11 /* Products */ = {
			isa = PBXGroup;
			children = (
				AC7D53812A13A5A60074DB11 /* VictorTest.app */,
			);
			name = Products;
			sourceTree = "<group>";
		};
		AC7D53832A13A5A60074DB11 /* VictorTest */ = {
			isa = PBXGroup;
			children = (
				AC7D53842A13A5A60074DB11 /* VictorTestApp.swift */,
				AC7D53862A13A5A60074DB11 /* FirstView.swift */,
				AC7D53A42A13C73E0074DB11 /* MainView.swift */,
				AC7D53962A13AAC70074DB11 /* SecondView.swift */,
				AC7D539C2A13AF430074DB11 /* User.swift */,
				AC7D53942A13A88A0074DB11 /* ViewModel.swift */,
				AC7D53A02A13B1A90074DB11 /* test.json */,
				AC7D53A22A13B3250074DB11 /* Bundle-Decodable.swift */,
				AC7D53882A13A5A70074DB11 /* Assets.xcassets */,
				AC7D538A2A13A5A70074DB11 /* Preview Content */,
			);
			path = VictorTest;
			sourceTree = "<group>";
		};
		AC7D538A2A13A5A70074DB11 /* Preview Content */ = {
			isa = PBXGroup;
			children = (
				AC7D539E2A13B1A00074DB11 /* astronauts.json */,
				AC7D538B2A13A5A70074DB11 /* Preview Assets.xcassets */,
			);
			path = "Preview Content";
			sourceTree = "<group>";
		};
/* End PBXGroup section */

/* Begin PBXNativeTarget section */
		AC7D53802A13A5A60074DB11 /* VictorTest */ = {
			isa = PBXNativeTarget;
			buildConfigurationList = AC7D538F2A13A5A70074DB11 /* Build configuration list for PBXNativeTarget "VictorTest" */;
			buildPhases = (
				AC7D537D2A13A5A60074DB11 /* Sources */,
				AC7D537E2A13A5A60074DB11 /* Frameworks */,
				AC7D537F2A13A5A60074DB11 /* Resources */,
			);
			buildRules = (
			);
			dependencies = (
			);
			name = VictorTest;
			productName = VictorTest;
			productReference = AC7D53812A13A5A60074DB11 /* VictorTest.app */;
			productType = "com.apple.product-type.application";
		};
/* End PBXNativeTarget section */

/* Begin PBXProject section */
		AC7D53792A13A5A60074DB11 /* Project object */ = {
			isa = PBXProject;
			attributes = {
				BuildIndependentTargetsInParallel = 1;
				LastSwiftUpdateCheck = 1430;
				LastUpgradeCheck = 1430;
				TargetAttributes = {
					AC7D53802A13A5A60074DB11 = {
						CreatedOnToolsVersion = 14.3;
					};
				};
			};
			buildConfigurationList = AC7D537C2A13A5A60074DB11 /* Build configuration list for PBXProject "VictorTest" */;
			compatibilityVersion = "Xcode 14.0";
			developmentRegion = en;
			hasScannedForEncodings = 0;
			knownRegions = (
				en,
				Base,
			);
			mainGroup = AC7D53782A13A5A60074DB11;
			productRefGroup = AC7D53822A13A5A60074DB11 /* Products */;
			projectDirPath = "";
			projectRoot = "";
			targets = (
				AC7D53802A13A5A60074DB11 /* VictorTest */,
			);
		};
/* End PBXProject section */

/* Begin PBXResourcesBuildPhase section */
		AC7D537F2A13A5A60074DB11 /* Resources */ = {
			isa = PBXResourcesBuildPhase;
			buildActionMask = 2147483647;
			files = (
				AC7D539F2A13B1A00074DB11 /* astronauts.json in Resources */,
				AC7D538C2A13A5A70074DB11 /* Preview Assets.xcassets in Resources */,
				AC7D53892A13A5A70074DB11 /* Assets.xcassets in Resources */,
				AC7D53A12A13B1A90074DB11 /* test.json in Resources */,
			);
			runOnlyForDeploymentPostprocessing = 0;
		};
/* End PBXResourcesBuildPhase section */

/* Begin PBXSourcesBuildPhase section */
		AC7D537D2A13A5A60074DB11 /* Sources */ = {
			isa = PBXSourcesBuildPhase;
			buildActionMask = 2147483647;
			files = (
				AC7D53872A13A5A60074DB11 /* FirstView.swift in Sources */,
				AC7D53A52A13C73E0074DB11 /* MainView.swift in Sources */,
				AC7D53852A13A5A60074DB11 /* VictorTestApp.swift in Sources */,
				AC7D53972A13AAC70074DB11 /* SecondView.swift in Sources */,
				AC7D53952A13A88A0074DB11 /* ViewModel.swift in Sources */,
				AC7D53A32A13B3250074DB11 /* Bundle-Decodable.swift in Sources */,
				AC7D539D2A13AF440074DB11 /* User.swift in Sources */,
			);
			runOnlyForDeploymentPostprocessing = 0;
		};
/* End PBXSourcesBuildPhase section */

/* Begin XCBuildConfiguration section */
		AC7D538D2A13A5A70074DB11 /* Debug */ = {
			isa = XCBuildConfiguration;
			buildSettings = {
				ALWAYS_SEARCH_USER_PATHS = NO;
				CLANG_ANALYZER_NONNULL = YES;
				CLANG_ANALYZER_NUMBER_OBJECT_CONVERSION = YES_AGGRESSIVE;
				CLANG_CXX_LANGUAGE_STANDARD = "gnu++20";
				CLANG_ENABLE_MODULES = YES;
				CLANG_ENABLE_OBJC_ARC = YES;
				CLANG_ENABLE_OBJC_WEAK = YES;
				CLANG_WARN_BLOCK_CAPTURE_AUTORELEASING = YES;
				CLANG_WARN_BOOL_CONVERSION = YES;
				CLANG_WARN_COMMA = YES;
				CLANG_WARN_CONSTANT_CONVERSION = YES;
				CLANG_WARN_DEPRECATED_OBJC_IMPLEMENTATIONS = YES;
				CLANG_WARN_DIRECT_OBJC_ISA_USAGE = YES_ERROR;
				CLANG_WARN_DOCUMENTATION_COMMENTS = YES;
				CLANG_WARN_EMPTY_BODY = YES;
				CLANG_WARN_ENUM_CONVERSION = YES;
				CLANG_WARN_INFINITE_RECURSION = YES;
				CLANG_WARN_INT_CONVERSION = YES;
				CLANG_WARN_NON_LITERAL_NULL_CONVERSION = YES;
				CLANG_WARN_OBJC_IMPLICIT_RETAIN_SELF = YES;
				CLANG_WARN_OBJC_LITERAL_CONVERSION = YES;
				CLANG_WARN_OBJC_ROOT_CLASS = YES_ERROR;
				CLANG_WARN_QUOTED_INCLUDE_IN_FRAMEWORK_HEADER = YES;
				CLANG_WARN_RANGE_LOOP_ANALYSIS = YES;
				CLANG_WARN_STRICT_PROTOTYPES = YES;
				CLANG_WARN_SUSPICIOUS_MOVE = YES;
				CLANG_WARN_UNGUARDED_AVAILABILITY = YES_AGGRESSIVE;
				CLANG_WARN_UNREACHABLE_CODE = YES;
				CLANG_WARN__DUPLICATE_METHOD_MATCH = YES;
				COPY_PHASE_STRIP = NO;
				DEBUG_INFORMATION_FORMAT = dwarf;
				ENABLE_STRICT_OBJC_MSGSEND = YES;
				ENABLE_TESTABILITY = YES;
				GCC_C_LANGUAGE_STANDARD = gnu11;
				GCC_DYNAMIC_NO_PIC = NO;
				GCC_NO_COMMON_BLOCKS = YES;
				GCC_OPTIMIZATION_LEVEL = 0;
				GCC_PREPROCESSOR_DEFINITIONS = (
					"DEBUG=1",
					"$(inherited)",
				);
				GCC_WARN_64_TO_32_BIT_CONVERSION = YES;
				GCC_WARN_ABOUT_RETURN_TYPE = YES_ERROR;
				GCC_WARN_UNDECLARED_SELECTOR = YES;
				GCC_WARN_UNINITIALIZED_AUTOS = YES_AGGRESSIVE;
				GCC_WARN_UNUSED_FUNCTION = YES;
				GCC_WARN_UNUSED_VARIABLE = YES;
				IPHONEOS_DEPLOYMENT_TARGET = 16.4;
				MTL_ENABLE_DEBUG_INFO = INCLUDE_SOURCE;
				MTL_FAST_MATH = YES;
				ONLY_ACTIVE_ARCH = YES;
				SDKROOT = iphoneos;
				SWIFT_ACTIVE_COMPILATION_CONDITIONS = DEBUG;
				SWIFT_OPTIMIZATION_LEVEL = "-Onone";
			};
			name = Debug;
		};
		AC7D538E2A13A5A70074DB11 /* Release */ = {
			isa = XCBuildConfiguration;
			buildSettings = {
				ALWAYS_SEARCH_USER_PATHS = NO;
				CLANG_ANALYZER_NONNULL = YES;
				CLANG_ANALYZER_NUMBER_OBJECT_CONVERSION = YES_AGGRESSIVE;
				CLANG_CXX_LANGUAGE_STANDARD = "gnu++20";
				CLANG_ENABLE_MODULES = YES;
				CLANG_ENABLE_OBJC_ARC = YES;
				CLANG_ENABLE_OBJC_WEAK = YES;
				CLANG_WARN_BLOCK_CAPTURE_AUTORELEASING = YES;
				CLANG_WARN_BOOL_CONVERSION = YES;
				CLANG_WARN_COMMA = YES;
				CLANG_WARN_CONSTANT_CONVERSION = YES;
				CLANG_WARN_DEPRECATED_OBJC_IMPLEMENTATIONS = YES;
				CLANG_WARN_DIRECT_OBJC_ISA_USAGE = YES_ERROR;
				CLANG_WARN_DOCUMENTATION_COMMENTS = YES;
				CLANG_WARN_EMPTY_BODY = YES;
				CLANG_WARN_ENUM_CONVERSION = YES;
				CLANG_WARN_INFINITE_RECURSION = YES;
				CLANG_WARN_INT_CONVERSION = YES;
				CLANG_WARN_NON_LITERAL_NULL_CONVERSION = YES;
				CLANG_WARN_OBJC_IMPLICIT_RETAIN_SELF = YES;
				CLANG_WARN_OBJC_LITERAL_CONVERSION = YES;
				CLANG_WARN_OBJC_ROOT_CLASS = YES_ERROR;
				CLANG_WARN_QUOTED_INCLUDE_IN_FRAMEWORK_HEADER = YES;
				CLANG_WARN_RANGE_LOOP_ANALYSIS = YES;
				CLANG_WARN_STRICT_PROTOTYPES = YES;
				CLANG_WARN_SUSPICIOUS_MOVE = YES;
				CLANG_WARN_UNGUARDED_AVAILABILITY = YES_AGGRESSIVE;
				CLANG_WARN_UNREACHABLE_CODE = YES;
				CLANG_WARN__DUPLICATE_METHOD_MATCH = YES;
				COPY_PHASE_STRIP = NO;
				DEBUG_INFORMATION_FORMAT = "dwarf-with-dsym";
				ENABLE_NS_ASSERTIONS = NO;
				ENABLE_STRICT_OBJC_MSGSEND = YES;
				GCC_C_LANGUAGE_STANDARD = gnu11;
				GCC_NO_COMMON_BLOCKS = YES;
				GCC_WARN_64_TO_32_BIT_CONVERSION = YES;
				GCC_WARN_ABOUT_RETURN_TYPE = YES_ERROR;
				GCC_WARN_UNDECLARED_SELECTOR = YES;
				GCC_WARN_UNINITIALIZED_AUTOS = YES_AGGRESSIVE;
				GCC_WARN_UNUSED_FUNCTION = YES;
				GCC_WARN_UNUSED_VARIABLE = YES;
				IPHONEOS_DEPLOYMENT_TARGET = 16.4;
				MTL_ENABLE_DEBUG_INFO = NO;
				MTL_FAST_MATH = YES;
				SDKROOT = iphoneos;
				SWIFT_COMPILATION_MODE = wholemodule;
				SWIFT_OPTIMIZATION_LEVEL = "-O";
				VALIDATE_PRODUCT = YES;
			};
			name = Release;
		};
		AC7D53902A13A5A70074DB11 /* Debug */ = {
			isa = XCBuildConfiguration;
			buildSettings = {
				ASSETCATALOG_COMPILER_APPICON_NAME = AppIcon;
				ASSETCATALOG_COMPILER_GLOBAL_ACCENT_COLOR_NAME = AccentColor;
				CODE_SIGN_STYLE = Automatic;
				CURRENT_PROJECT_VERSION = 1;
				DEVELOPMENT_ASSET_PATHS = "\"VictorTest/Preview Content\"";
				DEVELOPMENT_TEAM = 8Q935VAQ4F;
				ENABLE_PREVIEWS = YES;
				GENERATE_INFOPLIST_FILE = YES;
				INFOPLIST_KEY_UIApplicationSceneManifest_Generation = YES;
				INFOPLIST_KEY_UIApplicationSupportsIndirectInputEvents = YES;
				INFOPLIST_KEY_UILaunchScreen_Generation = YES;
				INFOPLIST_KEY_UISupportedInterfaceOrientations_iPad = "UIInterfaceOrientationPortrait UIInterfaceOrientationPortraitUpsideDown UIInterfaceOrientationLandscapeLeft UIInterfaceOrientationLandscapeRight";
				INFOPLIST_KEY_UISupportedInterfaceOrientations_iPhone = "UIInterfaceOrientationPortrait UIInterfaceOrientationLandscapeLeft UIInterfaceOrientationLandscapeRight";
				LD_RUNPATH_SEARCH_PATHS = (
					"$(inherited)",
					"@executable_path/Frameworks",
				);
				MARKETING_VERSION = 1.0;
				PRODUCT_BUNDLE_IDENTIFIER = petryuk2002.VictorTest;
				PRODUCT_NAME = "$(TARGET_NAME)";
				SWIFT_EMIT_LOC_STRINGS = YES;
				SWIFT_VERSION = 5.0;
				TARGETED_DEVICE_FAMILY = "1,2";
			};
			name = Debug;
		};
		AC7D53912A13A5A70074DB11 /* Release */ = {
			isa = XCBuildConfiguration;
			buildSettings = {
				ASSETCATALOG_COMPILER_APPICON_NAME = AppIcon;
				ASSETCATALOG_COMPILER_GLOBAL_ACCENT_COLOR_NAME = AccentColor;
				CODE_SIGN_STYLE = Automatic;
				CURRENT_PROJECT_VERSION = 1;
				DEVELOPMENT_ASSET_PATHS = "\"VictorTest/Preview Content\"";
				DEVELOPMENT_TEAM = 8Q935VAQ4F;
				ENABLE_PREVIEWS = YES;
				GENERATE_INFOPLIST_FILE = YES;
				INFOPLIST_KEY_UIApplicationSceneManifest_Generation = YES;
				INFOPLIST_KEY_UIApplicationSupportsIndirectInputEvents = YES;
				INFOPLIST_KEY_UILaunchScreen_Generation = YES;
				INFOPLIST_KEY_UISupportedInterfaceOrientations_iPad = "UIInterfaceOrientationPortrait UIInterfaceOrientationPortraitUpsideDown UIInterfaceOrientationLandscapeLeft UIInterfaceOrientationLandscapeRight";
				INFOPLIST_KEY_UISupportedInterfaceOrientations_iPhone = "UIInterfaceOrientationPortrait UIInterfaceOrientationLandscapeLeft UIInterfaceOrientationLandscapeRight";
				LD_RUNPATH_SEARCH_PATHS = (
					"$(inherited)",
					"@executable_path/Frameworks",
				);
				MARKETING_VERSION = 1.0;
				PRODUCT_BUNDLE_IDENTIFIER = petryuk2002.VictorTest;
				PRODUCT_NAME = "$(TARGET_NAME)";
				SWIFT_EMIT_LOC_STRINGS = YES;
				SWIFT_VERSION = 5.0;
				TARGETED_DEVICE_FAMILY = "1,2";
			};
			name = Release;
		};
/* End XCBuildConfiguration section */

/* Begin XCConfigurationList section */
		AC7D537C2A13A5A60074DB11 /* Build configuration list for PBXProject "VictorTest" */ = {
			isa = XCConfigurationList;
			buildConfigurations = (
				AC7D538D2A13A5A70074DB11 /* Debug */,
				AC7D538E2A13A5A70074DB11 /* Release */,
			);
			defaultConfigurationIsVisible = 0;
			defaultConfigurationName = Release;
		};
		AC7D538F2A13A5A70074DB11 /* Build configuration list for PBXNativeTarget "VictorTest" */ = {
			isa = XCConfigurationList;
			buildConfigurations = (
				AC7D53902A13A5A70074DB11 /* Debug */,
				AC7D53912A13A5A70074DB11 /* Release */,
			);
			defaultConfigurationIsVisible = 0;
			defaultConfigurationName = Release;
		};
/* End XCConfigurationList section */
	};
	rootObject = AC7D53792A13A5A60074DB11 /* Project object */;
}
